
Microsoft Visual Studio Solution File, Format Version 12.00
# Visual Studio 15
VisualStudioVersion = 15.0.28307.757
MinimumVisualStudioVersion = 10.0.40219.1
Project("{F184B08F-C81C-45F6-A57F-5ABD9991F28F}") = "NorthWind.Data", "NorthWind.Data\NorthWind.Data.vbproj", "{769B595E-1972-4CB4-A64E-FA6D733E9795}"
EndProject
Project("{F184B08F-C81C-45F6-A57F-5ABD9991F28F}") = "UnitTestTwoModels", "UnitTestProject1\UnitTestTwoModels.vbproj", "{C79AD5A8-E8B0-4A67-988F-6BA6A703699C}"
EndProject
Project("{2150E333-8FDC-42A3-9474-1A3956D46DE8}") = "Solution Items", "Solution Items", "{83D4189D-7977-44F2-BA82-FB437A98C31D}"
	ProjectSection(SolutionItems) = preProject
		DatabaseScripts\EntityFrameworkSpecific.sql = DatabaseScripts\EntityFrameworkSpecific.sql
		DatabaseScripts\HumanResourcesScript.sql = DatabaseScripts\HumanResourcesScript.sql
		DatabaseScripts\NorthWindScript.sql = DatabaseScripts\NorthWindScript.sql
		readme.md = readme.md
	EndProjectSection
EndProject
Project("{2150E333-8FDC-42A3-9474-1A3956D46DE8}") = "Forum questions", "Forum questions", "{894F1F2B-0526-4DFB-BF0B-53F69C4096C1}"
EndProject
Project("{F184B08F-C81C-45F6-A57F-5ABD9991F28F}") = "RelationsSimple", "RelationsSimple\RelationsSimple.vbproj", "{45D71054-F865-4A10-A5FA-0020BCB395FC}"
EndProject
Project("{F184B08F-C81C-45F6-A57F-5ABD9991F28F}") = "CategoriesProducts", "CategoriesProducts\CategoriesProducts.vbproj", "{96461ABD-2F21-4691-9ECB-3D700560FCAC}"
EndProject
Global
	GlobalSection(SolutionConfigurationPlatforms) = preSolution
		Debug|Any CPU = Debug|Any CPU
		Release|Any CPU = Release|Any CPU
	EndGlobalSection
	GlobalSection(ProjectConfigurationPlatforms) = postSolution
		{769B595E-1972-4CB4-A64E-FA6D733E9795}.Debug|Any CPU.ActiveCfg = Debug|Any CPU
		{769B595E-1972-4CB4-A64E-FA6D733E9795}.Debug|Any CPU.Build.0 = Debug|Any CPU
		{769B595E-1972-4CB4-A64E-FA6D733E9795}.Release|Any CPU.ActiveCfg = Release|Any CPU
		{769B595E-1972-4CB4-A64E-FA6D733E9795}.Release|Any CPU.Build.0 = Release|Any CPU
		{C79AD5A8-E8B0-4A67-988F-6BA6A703699C}.Debug|Any CPU.ActiveCfg = Debug|Any CPU
		{C79AD5A8-E8B0-4A67-988F-6BA6A703699C}.Debug|Any CPU.Build.0 = Debug|Any CPU
		{C79AD5A8-E8B0-4A67-988F-6BA6A703699C}.Release|Any CPU.ActiveCfg = Release|Any CPU
		{C79AD5A8-E8B0-4A67-988F-6BA6A703699C}.Release|Any CPU.Build.0 = Release|Any CPU
		{45D71054-F865-4A10-A5FA-0020BCB395FC}.Debug|Any CPU.ActiveCfg = Debug|Any CPU
		{45D71054-F865-4A10-A5FA-0020BCB395FC}.Debug|Any CPU.Build.0 = Debug|Any CPU
		{45D71054-F865-4A10-A5FA-0020BCB395FC}.Release|Any CPU.ActiveCfg = Release|Any CPU
		{45D71054-F865-4A10-A5FA-0020BCB395FC}.Release|Any CPU.Build.0 = Release|Any CPU
		{96461ABD-2F21-4691-9ECB-3D700560FCAC}.Debug|Any CPU.ActiveCfg = Debug|Any CPU
		{96461ABD-2F21-4691-9ECB-3D700560FCAC}.Debug|Any CPU.Build.0 = Debug|Any CPU
		{96461ABD-2F21-4691-9ECB-3D700560FCAC}.Release|Any CPU.ActiveCfg = Release|Any CPU
		{96461ABD-2F21-4691-9ECB-3D700560FCAC}.Release|Any CPU.Build.0 = Release|Any CPU
	EndGlobalSection
	GlobalSection(SolutionProperties) = preSolution
		HideSolutionNode = FALSE
	EndGlobalSection
	GlobalSection(NestedProjects) = preSolution
		{45D71054-F865-4A10-A5FA-0020BCB395FC} = {894F1F2B-0526-4DFB-BF0B-53F69C4096C1}
		{96461ABD-2F21-4691-9ECB-3D700560FCAC} = {894F1F2B-0526-4DFB-BF0B-53F69C4096C1}
	EndGlobalSection
	GlobalSection(ExtensibilityGlobals) = postSolution
		SolutionGuid = {0AF23FE5-E6FD-4B0A-8C7C-F5E5DBF0D4CD}
	EndGlobalSection
EndGlobal
